<Solution>
  <Folder Name="/Solution Items/">
    <File Path="AstraLinguaCheatSheet/AstraLinguaCheatSheet.pdf" />
    <File Path="AstraLinguaDictionary/AstraLinguaDictionary.jsonh" />
    <File Path="AstraLinguaDictionary/AstraLinguaDictionaryGenerator.cs" />
    <File Path="README.md" />
  </Folder>
  <Project Path="AstraLingua/AstraLingua.csproj" />
</Solution>
